
Microsoft Visual Studio Solution File, Format Version 12.00
# Visual Studio 15
VisualStudioVersion = 15.0.26430.4
MinimumVisualStudioVersion = 10.0.40219.1
Project("{FAE04EC0-301F-11D3-BF4B-00C04F79EFBC}") = "ConsoleApp1", "ConsoleApp1\ConsoleApp1.csproj", "{EF82D5F8-0235-4E49-9257-47599F5E3B75}"
EndProject
Project("{FAE04EC0-301F-11D3-BF4B-00C04F79EFBC}") = "PolyMorohismDemo", "PolyMorohismDemo\PolyMorohismDemo.csproj", "{50F47F89-F5EB-4571-94C4-A5D33204FB08}"
EndProject
Global
	GlobalSection(SolutionConfigurationPlatforms) = preSolution
		Debug|Any CPU = Debug|Any CPU
		Release|Any CPU = Release|Any CPU
	EndGlobalSection
	GlobalSection(ProjectConfigurationPlatforms) = postSolution
		{EF82D5F8-0235-4E49-9257-47599F5E3B75}.Debug|Any CPU.ActiveCfg = Debug|Any CPU
		{EF82D5F8-0235-4E49-9257-47599F5E3B75}.Debug|Any CPU.Build.0 = Debug|Any CPU
		{EF82D5F8-0235-4E49-9257-47599F5E3B75}.Release|Any CPU.ActiveCfg = Release|Any CPU
		{EF82D5F8-0235-4E49-9257-47599F5E3B75}.Release|Any CPU.Build.0 = Release|Any CPU
		{50F47F89-F5EB-4571-94C4-A5D33204FB08}.Debug|Any CPU.ActiveCfg = Debug|Any CPU
		{50F47F89-F5EB-4571-94C4-A5D33204FB08}.Debug|Any CPU.Build.0 = Debug|Any CPU
		{50F47F89-F5EB-4571-94C4-A5D33204FB08}.Release|Any CPU.ActiveCfg = Release|Any CPU
		{50F47F89-F5EB-4571-94C4-A5D33204FB08}.Release|Any CPU.Build.0 = Release|Any CPU
	EndGlobalSection
	GlobalSection(SolutionProperties) = preSolution
		HideSolutionNode = FALSE
	EndGlobalSection
EndGlobal
